
Microsoft Visual Studio Solution File, Format Version 12.00
# Visual Studio Version 17
VisualStudioVersion = 17.4.33213.308
MinimumVisualStudioVersion = 10.0.40219.1
Project("{9A19103F-16F7-4668-BE54-9A1E7A4F7556}") = "RestApiMinimal", "RestApiMinimal.csproj", "{DA4CE5E7-5B50-4A3F-8770-9655519038AA}"
EndProject
Global
	GlobalSection(SolutionConfigurationPlatforms) = preSolution
		Debug|Any CPU = Debug|Any CPU
		Release|Any CPU = Release|Any CPU
	EndGlobalSection
	GlobalSection(ProjectConfigurationPlatforms) = postSolution
		{DA4CE5E7-5B50-4A3F-8770-9655519038AA}.Debug|Any CPU.ActiveCfg = Debug|Any CPU
		{DA4CE5E7-5B50-4A3F-8770-9655519038AA}.Debug|Any CPU.Build.0 = Debug|Any CPU
		{DA4CE5E7-5B50-4A3F-8770-9655519038AA}.Release|Any CPU.ActiveCfg = Release|Any CPU
		{DA4CE5E7-5B50-4A3F-8770-9655519038AA}.Release|Any CPU.Build.0 = Release|Any CPU
	EndGlobalSection
	GlobalSection(SolutionProperties) = preSolution
		HideSolutionNode = FALSE
	EndGlobalSection
	GlobalSection(ExtensibilityGlobals) = postSolution
		SolutionGuid = {01E28409-4011-4A57-AEFC-D764F8F6DC4D}
	EndGlobalSection
EndGlobal
